
Microsoft Visual Studio Solution File, Format Version 12.00
# Visual Studio Version 16
VisualStudioVersion = 16.0.32802.440
MinimumVisualStudioVersion = 10.0.40219.1
Project("{FAE04EC0-301F-11D3-BF4B-00C04F79EFBC}") = "ShopOrganizer", "ShopOrganizer.csproj", "{3D52ADA7-E5FA-4F30-907E-3219301670A1}"
EndProject
Global
	GlobalSection(SolutionConfigurationPlatforms) = preSolution
		Debug|Any CPU = Debug|Any CPU
		Release|Any CPU = Release|Any CPU
	EndGlobalSection
	GlobalSection(ProjectConfigurationPlatforms) = postSolution
		{3D52ADA7-E5FA-4F30-907E-3219301670A1}.Debug|Any CPU.ActiveCfg = Debug|Any CPU
		{3D52ADA7-E5FA-4F30-907E-3219301670A1}.Debug|Any CPU.Build.0 = Debug|Any CPU
		{3D52ADA7-E5FA-4F30-907E-3219301670A1}.Release|Any CPU.ActiveCfg = Release|Any CPU
		{3D52ADA7-E5FA-4F30-907E-3219301670A1}.Release|Any CPU.Build.0 = Release|Any CPU
	EndGlobalSection
	GlobalSection(SolutionProperties) = preSolution
		HideSolutionNode = FALSE
	EndGlobalSection
	GlobalSection(ExtensibilityGlobals) = postSolution
		SolutionGuid = {B289A54C-EA61-4B3A-87BF-C2BF68D1C0E1}
	EndGlobalSection
EndGlobal
